
Microsoft Visual Studio Solution File, Format Version 12.00
# Visual Studio Version 17
VisualStudioVersion = 17.1.32210.238
MinimumVisualStudioVersion = 10.0.40219.1
Project("{FAE04EC0-301F-11D3-BF4B-00C04F79EFBC}") = "ProjetoFinal", "ProjetoFinal.csproj", "{0E78546C-5131-4020-99FB-1D66AD0FBDDC}"
EndProject
Global
	GlobalSection(SolutionConfigurationPlatforms) = preSolution
		Debug|Any CPU = Debug|Any CPU
		Release|Any CPU = Release|Any CPU
	EndGlobalSection
	GlobalSection(ProjectConfigurationPlatforms) = postSolution
		{0E78546C-5131-4020-99FB-1D66AD0FBDDC}.Debug|Any CPU.ActiveCfg = Debug|Any CPU
		{0E78546C-5131-4020-99FB-1D66AD0FBDDC}.Debug|Any CPU.Build.0 = Debug|Any CPU
		{0E78546C-5131-4020-99FB-1D66AD0FBDDC}.Release|Any CPU.ActiveCfg = Release|Any CPU
		{0E78546C-5131-4020-99FB-1D66AD0FBDDC}.Release|Any CPU.Build.0 = Release|Any CPU
	EndGlobalSection
	GlobalSection(SolutionProperties) = preSolution
		HideSolutionNode = FALSE
	EndGlobalSection
	GlobalSection(ExtensibilityGlobals) = postSolution
		SolutionGuid = {DF497C3B-A6BE-47F9-8C4C-8F7B55D87B48}
	EndGlobalSection
EndGlobal
